# This file is autogenerated, do not edit; changes may be undone by the next 'dep ensure'.


[[projects]]
  name = "github.com/fatih/camelcase"
  packages = ["."]
  revision = "44e46d280b43ec1531bb25252440e34f1b800b65"

[solve-meta]
  analyzer-name = "dep"
  analyzer-version = 1
  inputs-digest = "abd33d63f8e589974891105098c4e0bc0f9e0eaa817f17fbaa36eb2af75509e2"
  solver-name = "gps-cdcl"
  solver-version = 1
